<Solution>
  <Folder Name="/Tests/">
    <Project Path="Domain.Test/Domain.Test.csproj" />
    <Project Path="WebApi.Integration.Test/WebApi.Integration.Test.csproj" />
  </Folder>
  <Project Path="Application/Application.csproj" />
  <Project Path="Domain/Domain.csproj" />
  <Project Path="Infrastructure/Infrastructure.csproj" />
  <Project Path="WebApi/WebApi.csproj" />
</Solution>
